
Microsoft Visual Studio Solution File, Format Version 12.00
# Visual Studio Version 17
VisualStudioVersion = 17.3.32825.248
MinimumVisualStudioVersion = 10.0.40219.1
Project("{FAE04EC0-301F-11D3-BF4B-00C04F79EFBC}") = "ProjecteCProjectem5uf2", "ProjecteCProjectem5uf2\ProjecteCProjectem5uf2.csproj", "{9A945AF8-B156-40A9-8CD4-DC6DAA71BD46}"
EndProject
Global
	GlobalSection(SolutionConfigurationPlatforms) = preSolution
		Debug|Any CPU = Debug|Any CPU
		Release|Any CPU = Release|Any CPU
	EndGlobalSection
	GlobalSection(ProjectConfigurationPlatforms) = postSolution
		{9A945AF8-B156-40A9-8CD4-DC6DAA71BD46}.Debug|Any CPU.ActiveCfg = Debug|Any CPU
		{9A945AF8-B156-40A9-8CD4-DC6DAA71BD46}.Debug|Any CPU.Build.0 = Debug|Any CPU
		{9A945AF8-B156-40A9-8CD4-DC6DAA71BD46}.Release|Any CPU.ActiveCfg = Release|Any CPU
		{9A945AF8-B156-40A9-8CD4-DC6DAA71BD46}.Release|Any CPU.Build.0 = Release|Any CPU
	EndGlobalSection
	GlobalSection(SolutionProperties) = preSolution
		HideSolutionNode = FALSE
	EndGlobalSection
	GlobalSection(ExtensibilityGlobals) = postSolution
		SolutionGuid = {2624812E-2F15-41F1-BB46-D0EC48BAF7A3}
	EndGlobalSection
EndGlobal
